
Microsoft Visual Studio Solution File, Format Version 12.00
# Visual Studio Version 16
VisualStudioVersion = 16.0.30621.155
MinimumVisualStudioVersion = 10.0.40219.1
Project("{FAE04EC0-301F-11D3-BF4B-00C04F79EFBC}") = "Lab 4 zadanie", "Lab 4 zadanie\Lab 4 zadanie.csproj", "{CF16AA8E-3850-4169-BE96-41F9155EBE1E}"
EndProject
Global
	GlobalSection(SolutionConfigurationPlatforms) = preSolution
		Debug|Any CPU = Debug|Any CPU
		Release|Any CPU = Release|Any CPU
	EndGlobalSection
	GlobalSection(ProjectConfigurationPlatforms) = postSolution
		{CF16AA8E-3850-4169-BE96-41F9155EBE1E}.Debug|Any CPU.ActiveCfg = Debug|Any CPU
		{CF16AA8E-3850-4169-BE96-41F9155EBE1E}.Debug|Any CPU.Build.0 = Debug|Any CPU
		{CF16AA8E-3850-4169-BE96-41F9155EBE1E}.Release|Any CPU.ActiveCfg = Release|Any CPU
		{CF16AA8E-3850-4169-BE96-41F9155EBE1E}.Release|Any CPU.Build.0 = Release|Any CPU
	EndGlobalSection
	GlobalSection(SolutionProperties) = preSolution
		HideSolutionNode = FALSE
	EndGlobalSection
	GlobalSection(ExtensibilityGlobals) = postSolution
		SolutionGuid = {98F4F94A-C63F-44E2-B736-58CFD15DA0E7}
	EndGlobalSection
EndGlobal
